
Microsoft Visual Studio Solution File, Format Version 12.00
# Visual Studio Version 16
VisualStudioVersion = 16.0.30104.148
MinimumVisualStudioVersion = 10.0.40219.1
Project("{9A19103F-16F7-4668-BE54-9A1E7A4F7556}") = "ProtectiveWearSecurity", "ProtectiveWearSecurity.csproj", "{C42ABAD4-51FD-4A61-BADC-9D5390653EA3}"
EndProject
Project("{FAE04EC0-301F-11D3-BF4B-00C04F79EFBC}") = "NUnitTestProtectiveWearSecurity", "..\NUnitTestProtectiveWearSecurity\NUnitTestProtectiveWearSecurity.csproj", "{5CB1018D-7DC3-41DF-A5FE-F21A427973FF}"
EndProject
Global
	GlobalSection(SolutionConfigurationPlatforms) = preSolution
		Debug|Any CPU = Debug|Any CPU
		Release|Any CPU = Release|Any CPU
	EndGlobalSection
	GlobalSection(ProjectConfigurationPlatforms) = postSolution
		{C42ABAD4-51FD-4A61-BADC-9D5390653EA3}.Debug|Any CPU.ActiveCfg = Debug|Any CPU
		{C42ABAD4-51FD-4A61-BADC-9D5390653EA3}.Debug|Any CPU.Build.0 = Debug|Any CPU
		{C42ABAD4-51FD-4A61-BADC-9D5390653EA3}.Release|Any CPU.ActiveCfg = Release|Any CPU
		{C42ABAD4-51FD-4A61-BADC-9D5390653EA3}.Release|Any CPU.Build.0 = Release|Any CPU
		{5CB1018D-7DC3-41DF-A5FE-F21A427973FF}.Debug|Any CPU.ActiveCfg = Debug|Any CPU
		{5CB1018D-7DC3-41DF-A5FE-F21A427973FF}.Debug|Any CPU.Build.0 = Debug|Any CPU
		{5CB1018D-7DC3-41DF-A5FE-F21A427973FF}.Release|Any CPU.ActiveCfg = Release|Any CPU
		{5CB1018D-7DC3-41DF-A5FE-F21A427973FF}.Release|Any CPU.Build.0 = Release|Any CPU
	EndGlobalSection
	GlobalSection(SolutionProperties) = preSolution
		HideSolutionNode = FALSE
	EndGlobalSection
	GlobalSection(ExtensibilityGlobals) = postSolution
		SolutionGuid = {E0222DD7-26A0-4A9A-9DBF-93A104094A68}
	EndGlobalSection
EndGlobal
