
Microsoft Visual Studio Solution File, Format Version 12.00
# Visual Studio Version 16
VisualStudioVersion = 16.0.30104.148
MinimumVisualStudioVersion = 10.0.40219.1
Project("{9A19103F-16F7-4668-BE54-9A1E7A4F7556}") = "ProtectiveWearSecurity", "ProtectiveWearSecurity.csproj", "{C42ABAD4-51FD-4A61-BADC-9D5390653EA3}"
EndProject
Project("{9A19103F-16F7-4668-BE54-9A1E7A4F7556}") = "NUnitTestProtectiveWearSecurity", "..\NUnitTestProtectiveWearSecurity\NUnitTestProtectiveWearSecurity.csproj", "{1BF2135B-B65E-46E8-A668-73F8D1BC05DC}"
EndProject
Project("{9A19103F-16F7-4668-BE54-9A1E7A4F7556}") = "ProtectiveWearProductsApi", "..\ProtectiveWearProductsApi\ProtectiveWearProductsApi.csproj", "{C217E363-9301-4385-81A1-54ED7D5C9547}"
EndProject
Project("{FAE04EC0-301F-11D3-BF4B-00C04F79EFBC}") = "NUnitTestProtectiveWearProductsApi", "..\NUnitTestProtectiveWearProductsApi\NUnitTestProtectiveWearProductsApi.csproj", "{2DF577C5-34BE-4666-ABE8-34DB1343CFAE}"
EndProject
Global
	GlobalSection(SolutionConfigurationPlatforms) = preSolution
		Debug|Any CPU = Debug|Any CPU
		Release|Any CPU = Release|Any CPU
	EndGlobalSection
	GlobalSection(ProjectConfigurationPlatforms) = postSolution
		{C42ABAD4-51FD-4A61-BADC-9D5390653EA3}.Debug|Any CPU.ActiveCfg = Debug|Any CPU
		{C42ABAD4-51FD-4A61-BADC-9D5390653EA3}.Debug|Any CPU.Build.0 = Debug|Any CPU
		{C42ABAD4-51FD-4A61-BADC-9D5390653EA3}.Release|Any CPU.ActiveCfg = Release|Any CPU
		{C42ABAD4-51FD-4A61-BADC-9D5390653EA3}.Release|Any CPU.Build.0 = Release|Any CPU
		{1BF2135B-B65E-46E8-A668-73F8D1BC05DC}.Debug|Any CPU.ActiveCfg = Debug|Any CPU
		{1BF2135B-B65E-46E8-A668-73F8D1BC05DC}.Debug|Any CPU.Build.0 = Debug|Any CPU
		{1BF2135B-B65E-46E8-A668-73F8D1BC05DC}.Release|Any CPU.ActiveCfg = Release|Any CPU
		{1BF2135B-B65E-46E8-A668-73F8D1BC05DC}.Release|Any CPU.Build.0 = Release|Any CPU
		{C217E363-9301-4385-81A1-54ED7D5C9547}.Debug|Any CPU.ActiveCfg = Debug|Any CPU
		{C217E363-9301-4385-81A1-54ED7D5C9547}.Debug|Any CPU.Build.0 = Debug|Any CPU
		{C217E363-9301-4385-81A1-54ED7D5C9547}.Release|Any CPU.ActiveCfg = Release|Any CPU
		{C217E363-9301-4385-81A1-54ED7D5C9547}.Release|Any CPU.Build.0 = Release|Any CPU
		{2DF577C5-34BE-4666-ABE8-34DB1343CFAE}.Debug|Any CPU.ActiveCfg = Debug|Any CPU
		{2DF577C5-34BE-4666-ABE8-34DB1343CFAE}.Debug|Any CPU.Build.0 = Debug|Any CPU
		{2DF577C5-34BE-4666-ABE8-34DB1343CFAE}.Release|Any CPU.ActiveCfg = Release|Any CPU
		{2DF577C5-34BE-4666-ABE8-34DB1343CFAE}.Release|Any CPU.Build.0 = Release|Any CPU
	EndGlobalSection
	GlobalSection(SolutionProperties) = preSolution
		HideSolutionNode = FALSE
	EndGlobalSection
	GlobalSection(ExtensibilityGlobals) = postSolution
		SolutionGuid = {E0222DD7-26A0-4A9A-9DBF-93A104094A68}
	EndGlobalSection
EndGlobal
